
Microsoft Visual Studio Solution File, Format Version 12.00
# Visual Studio Version 16
VisualStudioVersion = 16.0.29911.84
MinimumVisualStudioVersion = 15.0.26124.0
Project("{9A19103F-16F7-4668-BE54-9A1E7A4F7556}") = "Kulba.Services.CayenneService", "Kulba.Services.CayenneService\Kulba.Services.CayenneService.csproj", "{8930D153-5D2E-42F2-8148-80AB284840FE}"
EndProject
Project("{FAE04EC0-301F-11D3-BF4B-00C04F79EFBC}") = "Kulba.Services.CayenneService.Test", "Kulba.Services.CayenneService.Test\Kulba.Services.CayenneService.Test.csproj", "{06E11812-5980-452E-AD7D-02825880658A}"
EndProject
Global
	GlobalSection(SolutionConfigurationPlatforms) = preSolution
		Debug|Any CPU = Debug|Any CPU
		Debug|x64 = Debug|x64
		Debug|x86 = Debug|x86
		Release|Any CPU = Release|Any CPU
		Release|x64 = Release|x64
		Release|x86 = Release|x86
	EndGlobalSection
	GlobalSection(ProjectConfigurationPlatforms) = postSolution
		{8930D153-5D2E-42F2-8148-80AB284840FE}.Debug|Any CPU.ActiveCfg = Debug|Any CPU
		{8930D153-5D2E-42F2-8148-80AB284840FE}.Debug|Any CPU.Build.0 = Debug|Any CPU
		{8930D153-5D2E-42F2-8148-80AB284840FE}.Debug|x64.ActiveCfg = Debug|Any CPU
		{8930D153-5D2E-42F2-8148-80AB284840FE}.Debug|x64.Build.0 = Debug|Any CPU
		{8930D153-5D2E-42F2-8148-80AB284840FE}.Debug|x86.ActiveCfg = Debug|Any CPU
		{8930D153-5D2E-42F2-8148-80AB284840FE}.Debug|x86.Build.0 = Debug|Any CPU
		{8930D153-5D2E-42F2-8148-80AB284840FE}.Release|Any CPU.ActiveCfg = Release|Any CPU
		{8930D153-5D2E-42F2-8148-80AB284840FE}.Release|Any CPU.Build.0 = Release|Any CPU
		{8930D153-5D2E-42F2-8148-80AB284840FE}.Release|x64.ActiveCfg = Release|Any CPU
		{8930D153-5D2E-42F2-8148-80AB284840FE}.Release|x64.Build.0 = Release|Any CPU
		{8930D153-5D2E-42F2-8148-80AB284840FE}.Release|x86.ActiveCfg = Release|Any CPU
		{8930D153-5D2E-42F2-8148-80AB284840FE}.Release|x86.Build.0 = Release|Any CPU
		{06E11812-5980-452E-AD7D-02825880658A}.Debug|Any CPU.ActiveCfg = Debug|Any CPU
		{06E11812-5980-452E-AD7D-02825880658A}.Debug|Any CPU.Build.0 = Debug|Any CPU
		{06E11812-5980-452E-AD7D-02825880658A}.Debug|x64.ActiveCfg = Debug|Any CPU
		{06E11812-5980-452E-AD7D-02825880658A}.Debug|x64.Build.0 = Debug|Any CPU
		{06E11812-5980-452E-AD7D-02825880658A}.Debug|x86.ActiveCfg = Debug|Any CPU
		{06E11812-5980-452E-AD7D-02825880658A}.Debug|x86.Build.0 = Debug|Any CPU
		{06E11812-5980-452E-AD7D-02825880658A}.Release|Any CPU.ActiveCfg = Release|Any CPU
		{06E11812-5980-452E-AD7D-02825880658A}.Release|Any CPU.Build.0 = Release|Any CPU
		{06E11812-5980-452E-AD7D-02825880658A}.Release|x64.ActiveCfg = Release|Any CPU
		{06E11812-5980-452E-AD7D-02825880658A}.Release|x64.Build.0 = Release|Any CPU
		{06E11812-5980-452E-AD7D-02825880658A}.Release|x86.ActiveCfg = Release|Any CPU
		{06E11812-5980-452E-AD7D-02825880658A}.Release|x86.Build.0 = Release|Any CPU
	EndGlobalSection
	GlobalSection(SolutionProperties) = preSolution
		HideSolutionNode = FALSE
	EndGlobalSection
	GlobalSection(ExtensibilityGlobals) = postSolution
		SolutionGuid = {45635A2E-6F65-4F61-A01E-3CC6925B8299}
	EndGlobalSection
EndGlobal
